{
  "name": "@monogramdesign/gridsome-source-prismic",
  "version": "1.0.0",
  "lockfileVersion": 1,
  "requires": true,
  "dependencies": {
    "cross-fetch": {
      "version": "3.0.4",
      "resolved": "https://registry.npmjs.org/cross-fetch/-/cross-fetch-3.0.4.tgz",
      "integrity": "sha512-MSHgpjQqgbT/94D4CyADeNoYh52zMkCX4pcJvPP5WqPsLFMKjr2TCMg381ox5qI0ii2dPwaLx/00477knXqXVw==",
      "requires": {
        "node-fetch": "2.6.0",
        "whatwg-fetch": "3.0.0"
      }
    },
    "escape-html": {
      "version": "1.0.3",
      "resolved": "https://registry.npmjs.org/escape-html/-/escape-html-1.0.3.tgz",
      "integrity": "sha1-Aljq5NPQwJdN4cFpGI7wBR0dGYg="
    },
    "node-fetch": {
      "version": "2.6.0",
      "resolved": "https://registry.npmjs.org/node-fetch/-/node-fetch-2.6.0.tgz",
      "integrity": "sha512-8dG4H5ujfvFiqDmVu9fQ5bOHUC15JMjMY/Zumv26oOvvVJjM67KF8koCWIabKQ1GJIa9r2mMZscBq/TbdOcmNA=="
    },
    "prismic-dom": {
      "version": "2.2.3",
      "resolved": "https://registry.npmjs.org/prismic-dom/-/prismic-dom-2.2.3.tgz",
      "integrity": "sha512-7jwRBbqkll9BPkS4QAQttRaENmAWR9s4PWGGmi7ifobs1J0kYDCrn8PxJ99cywQJQea0jWgAVzOfJhkMmIF8wQ==",
      "requires": {
        "escape-html": "1.0.3",
        "prismic-helpers": "^1.0.3",
        "prismic-richtext": "^1.0.3"
      }
    },
    "prismic-helpers": {
      "version": "1.0.3",
      "resolved": "https://registry.npmjs.org/prismic-helpers/-/prismic-helpers-1.0.3.tgz",
      "integrity": "sha512-eGCSflFwsWeXe7BdqWWGjjoaq1SPr61Y55xIUkgYumKFmfJsK9TVcSkRp0rdwW0hGnnDSRvjJwIo2kkDwG7KxA=="
    },
    "prismic-javascript": {
      "version": "3.0.0",
      "resolved": "https://registry.npmjs.org/prismic-javascript/-/prismic-javascript-3.0.0.tgz",
      "integrity": "sha512-6IKPi9PtqsHyJQQRTkrdySt5W4QP8vu+3cJ4p9KmNzfDAv/hRgWr9ff/tnlTaggo/McsswQaH3xncLq3BHh7wA==",
      "requires": {
        "cross-fetch": "^3.0.4"
      }
    },
    "prismic-richtext": {
      "version": "1.0.3",
      "resolved": "https://registry.npmjs.org/prismic-richtext/-/prismic-richtext-1.0.3.tgz",
      "integrity": "sha512-ZM45dVPL713+oDpt8ysWRY2pw3esBxRrqBlUO+q/T0WK0SNVSq29tQYhVdIALd8hRfF7X1lfpW0Q0YymEdh0AA==",
      "requires": {
        "ramda": "^0.26.1",
        "uuid": "^3.3.2"
      }
    },
    "ramda": {
      "version": "0.26.1",
      "resolved": "https://registry.npmjs.org/ramda/-/ramda-0.26.1.tgz",
      "integrity": "sha512-hLWjpy7EnsDBb0p+Z3B7rPi3GDeRG5ZtiI33kJhTt+ORCd38AbAIjB/9zRIUoeTbE/AVX5ZkU7m6bznsvrf8eQ=="
    },
    "uuid": {
      "version": "3.4.0",
      "resolved": "https://registry.npmjs.org/uuid/-/uuid-3.4.0.tgz",
      "integrity": "sha512-HjSDRw6gZE5JMggctHBcjVak08+KEVhSIiDzFnT9S9aegmp85S/bReBVTb4QTFaRNptJ9kuYaNhnbNEOkbKb/A=="
    },
    "whatwg-fetch": {
      "version": "3.0.0",
      "resolved": "https://registry.npmjs.org/whatwg-fetch/-/whatwg-fetch-3.0.0.tgz",
      "integrity": "sha512-9GSJUgz1D4MfyKU7KRqwOjXCXTqWdFNvEr7eUBYchQiVc744mqK/MzXPNR2WsPkmkOa4ywfg8C2n8h+13Bey1Q=="
    }
  }
}
